
Microsoft Visual Studio Solution File, Format Version 12.00
# Visual Studio Version 17
VisualStudioVersion = 17.14.37027.9 d17.14
MinimumVisualStudioVersion = 10.0.40219.1
Project("{FAE04EC0-301F-11D3-BF4B-00C04F79EFBC}") = "Task4_Collections", "Task4_Collections.csproj", "{A877FA0A-29BB-480F-B630-A9B4049E707F}"
EndProject
Global
	GlobalSection(SolutionConfigurationPlatforms) = preSolution
		Debug|Any CPU = Debug|Any CPU
		Release|Any CPU = Release|Any CPU
	EndGlobalSection
	GlobalSection(ProjectConfigurationPlatforms) = postSolution
		{A877FA0A-29BB-480F-B630-A9B4049E707F}.Debug|Any CPU.ActiveCfg = Debug|Any CPU
		{A877FA0A-29BB-480F-B630-A9B4049E707F}.Debug|Any CPU.Build.0 = Debug|Any CPU
		{A877FA0A-29BB-480F-B630-A9B4049E707F}.Release|Any CPU.ActiveCfg = Release|Any CPU
		{A877FA0A-29BB-480F-B630-A9B4049E707F}.Release|Any CPU.Build.0 = Release|Any CPU
	EndGlobalSection
	GlobalSection(SolutionProperties) = preSolution
		HideSolutionNode = FALSE
	EndGlobalSection
	GlobalSection(ExtensibilityGlobals) = postSolution
		SolutionGuid = {3424D038-CDF1-4BEB-B112-F01919629D7D}
	EndGlobalSection
EndGlobal
